
Microsoft Visual Studio Solution File, Format Version 12.00
# Visual Studio Version 17
VisualStudioVersion = 17.14.36401.2
MinimumVisualStudioVersion = 10.0.40219.1
Project("{FAE04EC0-301F-11D3-BF4B-00C04F79EFBC}") = "CloudZCrypt.WPF", "CloudZCrypt.WPF\CloudZCrypt.WPF.csproj", "{2B3EDC61-D6F1-4F2F-A837-050B55F40C16}"
EndProject
Project("{FAE04EC0-301F-11D3-BF4B-00C04F79EFBC}") = "CloudZCrypt.Application", "CloudZCrypt.Application\CloudZCrypt.Application.csproj", "{26CD6445-F026-4284-94A2-A34D37FD8FB3}"
EndProject
Project("{FAE04EC0-301F-11D3-BF4B-00C04F79EFBC}") = "CloudZCrypt.Domain", "CloudZCrypt.Domain\CloudZCrypt.Domain.csproj", "{69491DCD-7FBC-43A5-98C2-1817D35F41ED}"
EndProject
Project("{FAE04EC0-301F-11D3-BF4B-00C04F79EFBC}") = "CloudZCrypt.Infrastructure", "CloudZCrypt.Infrastructure\CloudZCrypt.Infrastructure.csproj", "{C7CC51AB-F92B-426E-952F-A17231E77F9A}"
EndProject
Project("{FAE04EC0-301F-11D3-BF4B-00C04F79EFBC}") = "CloudZCrypt.Composition", "CloudZCrypt.Composition\CloudZCrypt.Composition.csproj", "{9710FF19-2111-400B-A903-AACAD9727EE4}"
EndProject
Global
	GlobalSection(SolutionConfigurationPlatforms) = preSolution
		Debug|Any CPU = Debug|Any CPU
		Release|Any CPU = Release|Any CPU
	EndGlobalSection
	GlobalSection(ProjectConfigurationPlatforms) = postSolution
		{2B3EDC61-D6F1-4F2F-A837-050B55F40C16}.Debug|Any CPU.ActiveCfg = Debug|Any CPU
		{2B3EDC61-D6F1-4F2F-A837-050B55F40C16}.Debug|Any CPU.Build.0 = Debug|Any CPU
		{2B3EDC61-D6F1-4F2F-A837-050B55F40C16}.Release|Any CPU.ActiveCfg = Release|Any CPU
		{2B3EDC61-D6F1-4F2F-A837-050B55F40C16}.Release|Any CPU.Build.0 = Release|Any CPU
		{26CD6445-F026-4284-94A2-A34D37FD8FB3}.Debug|Any CPU.ActiveCfg = Debug|Any CPU
		{26CD6445-F026-4284-94A2-A34D37FD8FB3}.Debug|Any CPU.Build.0 = Debug|Any CPU
		{26CD6445-F026-4284-94A2-A34D37FD8FB3}.Release|Any CPU.ActiveCfg = Release|Any CPU
		{26CD6445-F026-4284-94A2-A34D37FD8FB3}.Release|Any CPU.Build.0 = Release|Any CPU
		{69491DCD-7FBC-43A5-98C2-1817D35F41ED}.Debug|Any CPU.ActiveCfg = Debug|Any CPU
		{69491DCD-7FBC-43A5-98C2-1817D35F41ED}.Debug|Any CPU.Build.0 = Debug|Any CPU
		{69491DCD-7FBC-43A5-98C2-1817D35F41ED}.Release|Any CPU.ActiveCfg = Release|Any CPU
		{69491DCD-7FBC-43A5-98C2-1817D35F41ED}.Release|Any CPU.Build.0 = Release|Any CPU
		{C7CC51AB-F92B-426E-952F-A17231E77F9A}.Debug|Any CPU.ActiveCfg = Debug|Any CPU
		{C7CC51AB-F92B-426E-952F-A17231E77F9A}.Debug|Any CPU.Build.0 = Debug|Any CPU
		{C7CC51AB-F92B-426E-952F-A17231E77F9A}.Release|Any CPU.ActiveCfg = Release|Any CPU
		{C7CC51AB-F92B-426E-952F-A17231E77F9A}.Release|Any CPU.Build.0 = Release|Any CPU
		{9710FF19-2111-400B-A903-AACAD9727EE4}.Debug|Any CPU.ActiveCfg = Debug|Any CPU
		{9710FF19-2111-400B-A903-AACAD9727EE4}.Debug|Any CPU.Build.0 = Debug|Any CPU
		{9710FF19-2111-400B-A903-AACAD9727EE4}.Release|Any CPU.ActiveCfg = Release|Any CPU
		{9710FF19-2111-400B-A903-AACAD9727EE4}.Release|Any CPU.Build.0 = Release|Any CPU
	EndGlobalSection
	GlobalSection(SolutionProperties) = preSolution
		HideSolutionNode = FALSE
	EndGlobalSection
	GlobalSection(ExtensibilityGlobals) = postSolution
		SolutionGuid = {F1F5226C-404F-47D9-8A7A-49FEDE2645C1}
	EndGlobalSection
EndGlobal
